
Microsoft Visual Studio Solution File, Format Version 12.00
Project("{FAE04EC0-301F-11D3-BF4B-00C04F79EFBC}") = "NetLogDNA", "NetLogDNA\NetLogDNA.csproj", "{C45593E5-E69F-499E-B0BA-1D565E90DFF2}"
EndProject
Project("{FAE04EC0-301F-11D3-BF4B-00C04F79EFBC}") = "NetLogDNA.Test", "NetLogDNA.Test\NetLogDNA.Test.csproj", "{A6936E57-A88E-4C1F-A7F3-799384532768}"
EndProject
Project("{FAE04EC0-301F-11D3-BF4B-00C04F79EFBC}") = "NetLogDNA.NLog", "NetLogDNA.NLog\NetLogDNA.NLog.csproj", "{A8665F94-0D48-497A-94E8-DB80F7CECDFC}"
EndProject
Project("{FAE04EC0-301F-11D3-BF4B-00C04F79EFBC}") = "NetLogDNA.NLog.Example", "NetLogDNA.NLog.Example\NetLogDNA.NLog.Example.csproj", "{BB3CE373-B435-4B7B-A739-C141978BE280}"
EndProject
Project("{FAE04EC0-301F-11D3-BF4B-00C04F79EFBC}") = "NetLogDNA.NLog.Test", "NetLogDNA.NLog.Test\NetLogDNA.NLog.Test.csproj", "{095308AD-8246-4FCE-8D25-DBFAE6D91ECB}"
EndProject
Global
	GlobalSection(SolutionConfigurationPlatforms) = preSolution
		Debug|Any CPU = Debug|Any CPU
		Release|Any CPU = Release|Any CPU
	EndGlobalSection
	GlobalSection(ProjectConfigurationPlatforms) = postSolution
		{C45593E5-E69F-499E-B0BA-1D565E90DFF2}.Debug|Any CPU.ActiveCfg = Debug|Any CPU
		{C45593E5-E69F-499E-B0BA-1D565E90DFF2}.Debug|Any CPU.Build.0 = Debug|Any CPU
		{C45593E5-E69F-499E-B0BA-1D565E90DFF2}.Release|Any CPU.ActiveCfg = Release|Any CPU
		{C45593E5-E69F-499E-B0BA-1D565E90DFF2}.Release|Any CPU.Build.0 = Release|Any CPU
		{A6936E57-A88E-4C1F-A7F3-799384532768}.Debug|Any CPU.ActiveCfg = Debug|Any CPU
		{A6936E57-A88E-4C1F-A7F3-799384532768}.Debug|Any CPU.Build.0 = Debug|Any CPU
		{A6936E57-A88E-4C1F-A7F3-799384532768}.Release|Any CPU.ActiveCfg = Release|Any CPU
		{A6936E57-A88E-4C1F-A7F3-799384532768}.Release|Any CPU.Build.0 = Release|Any CPU
		{A8665F94-0D48-497A-94E8-DB80F7CECDFC}.Debug|Any CPU.ActiveCfg = Debug|Any CPU
		{A8665F94-0D48-497A-94E8-DB80F7CECDFC}.Debug|Any CPU.Build.0 = Debug|Any CPU
		{A8665F94-0D48-497A-94E8-DB80F7CECDFC}.Release|Any CPU.ActiveCfg = Release|Any CPU
		{A8665F94-0D48-497A-94E8-DB80F7CECDFC}.Release|Any CPU.Build.0 = Release|Any CPU
		{BB3CE373-B435-4B7B-A739-C141978BE280}.Debug|Any CPU.ActiveCfg = Debug|Any CPU
		{BB3CE373-B435-4B7B-A739-C141978BE280}.Debug|Any CPU.Build.0 = Debug|Any CPU
		{BB3CE373-B435-4B7B-A739-C141978BE280}.Release|Any CPU.ActiveCfg = Release|Any CPU
		{BB3CE373-B435-4B7B-A739-C141978BE280}.Release|Any CPU.Build.0 = Release|Any CPU
		{095308AD-8246-4FCE-8D25-DBFAE6D91ECB}.Debug|Any CPU.ActiveCfg = Debug|Any CPU
		{095308AD-8246-4FCE-8D25-DBFAE6D91ECB}.Debug|Any CPU.Build.0 = Debug|Any CPU
		{095308AD-8246-4FCE-8D25-DBFAE6D91ECB}.Release|Any CPU.ActiveCfg = Release|Any CPU
		{095308AD-8246-4FCE-8D25-DBFAE6D91ECB}.Release|Any CPU.Build.0 = Release|Any CPU
	EndGlobalSection
EndGlobal
